
Microsoft Visual Studio Solution File, Format Version 12.00
# Visual Studio Version 17
VisualStudioVersion = 17.5.002.0
MinimumVisualStudioVersion = 10.0.40219.1
Project("{9A19103F-16F7-4668-BE54-9A1E7A4F7556}") = "SGE.Console", "SGE.Console.csproj", "{CABFD079-BD96-488B-81A3-268E8059EB1E}"
EndProject
Global
	GlobalSection(SolutionConfigurationPlatforms) = preSolution
		Debug|Any CPU = Debug|Any CPU
		Release|Any CPU = Release|Any CPU
	EndGlobalSection
	GlobalSection(ProjectConfigurationPlatforms) = postSolution
		{CABFD079-BD96-488B-81A3-268E8059EB1E}.Debug|Any CPU.ActiveCfg = Debug|Any CPU
		{CABFD079-BD96-488B-81A3-268E8059EB1E}.Debug|Any CPU.Build.0 = Debug|Any CPU
		{CABFD079-BD96-488B-81A3-268E8059EB1E}.Release|Any CPU.ActiveCfg = Release|Any CPU
		{CABFD079-BD96-488B-81A3-268E8059EB1E}.Release|Any CPU.Build.0 = Release|Any CPU
	EndGlobalSection
	GlobalSection(SolutionProperties) = preSolution
		HideSolutionNode = FALSE
	EndGlobalSection
	GlobalSection(ExtensibilityGlobals) = postSolution
		SolutionGuid = {9B6D588E-C986-4ECB-B41E-03737875DCD5}
	EndGlobalSection
EndGlobal
