
Microsoft Visual Studio Solution File, Format Version 12.00
# Visual Studio Version 17
VisualStudioVersion = 17.0.31903.59
MinimumVisualStudioVersion = 10.0.40219.1
Project("{FAE04EC0-301F-11D3-BF4B-00C04F79EFBC}") = "SGE.Aplicacion", "SGE.Aplicacion\SGE.Aplicacion.csproj", "{3D3FAF98-2FF3-4DE0-A359-1ED4290E59D0}"
EndProject
Project("{FAE04EC0-301F-11D3-BF4B-00C04F79EFBC}") = "SGE.Repositorios", "SGE.Repositorios\SGE.Repositorios.csproj", "{AB87C6E4-A11D-4462-9779-C90E4C59A97B}"
EndProject
Project("{FAE04EC0-301F-11D3-BF4B-00C04F79EFBC}") = "SGE.Console", "SGE.Console\SGE.Console.csproj", "{CC4A8819-F416-41D8-9749-9B6AB9E770DC}"
EndProject
Global
	GlobalSection(SolutionConfigurationPlatforms) = preSolution
		Debug|Any CPU = Debug|Any CPU
		Release|Any CPU = Release|Any CPU
	EndGlobalSection
	GlobalSection(ProjectConfigurationPlatforms) = postSolution
		{3D3FAF98-2FF3-4DE0-A359-1ED4290E59D0}.Debug|Any CPU.ActiveCfg = Debug|Any CPU
		{3D3FAF98-2FF3-4DE0-A359-1ED4290E59D0}.Debug|Any CPU.Build.0 = Debug|Any CPU
		{3D3FAF98-2FF3-4DE0-A359-1ED4290E59D0}.Release|Any CPU.ActiveCfg = Release|Any CPU
		{3D3FAF98-2FF3-4DE0-A359-1ED4290E59D0}.Release|Any CPU.Build.0 = Release|Any CPU
		{AB87C6E4-A11D-4462-9779-C90E4C59A97B}.Debug|Any CPU.ActiveCfg = Debug|Any CPU
		{AB87C6E4-A11D-4462-9779-C90E4C59A97B}.Debug|Any CPU.Build.0 = Debug|Any CPU
		{AB87C6E4-A11D-4462-9779-C90E4C59A97B}.Release|Any CPU.ActiveCfg = Release|Any CPU
		{AB87C6E4-A11D-4462-9779-C90E4C59A97B}.Release|Any CPU.Build.0 = Release|Any CPU
		{CC4A8819-F416-41D8-9749-9B6AB9E770DC}.Debug|Any CPU.ActiveCfg = Debug|Any CPU
		{CC4A8819-F416-41D8-9749-9B6AB9E770DC}.Debug|Any CPU.Build.0 = Debug|Any CPU
		{CC4A8819-F416-41D8-9749-9B6AB9E770DC}.Release|Any CPU.ActiveCfg = Release|Any CPU
		{CC4A8819-F416-41D8-9749-9B6AB9E770DC}.Release|Any CPU.Build.0 = Release|Any CPU
	EndGlobalSection
	GlobalSection(SolutionProperties) = preSolution
		HideSolutionNode = FALSE
	EndGlobalSection
EndGlobal
